# This file is automatically @generated by Cargo.
# It is not intended for manual editing.
version = 4

[[package]]
name = "brainix-auditd"
version = "0.1.0"

[[package]]
name = "brainix-bootloader"
version = "0.1.0"

[[package]]
name = "brainix-capability-verify"
version = "0.1.0"

[[package]]
name = "brainix-devd-disk"
version = "0.1.0"

[[package]]
name = "brainix-devd-nic"
version = "0.1.0"

[[package]]
name = "brainix-init"
version = "0.1.0"

[[package]]
name = "brainix-ipd"
version = "0.1.0"

[[package]]
name = "brainix-kernel"
version = "0.1.0"

[[package]]
name = "brainix-linkd"
version = "0.1.0"

[[package]]
name = "brainix-spawnd"
version = "0.1.0"

[[package]]
name = "brainix-transportd"
version = "0.1.0"
